
Microsoft Visual Studio Solution File, Format Version 12.00
# Visual Studio Version 16
VisualStudioVersion = 16.0.31829.152
MinimumVisualStudioVersion = 10.0.40219.1
Project("{FAE04EC0-301F-11D3-BF4B-00C04F79EFBC}") = "SellPhoneMaster", "SellPhoneMaster\SellPhoneMaster.csproj", "{EDAF3D21-81D7-45F1-A7B7-46D056AB033B}"
EndProject
Global
	GlobalSection(SolutionConfigurationPlatforms) = preSolution
		Debug|Any CPU = Debug|Any CPU
		Release|Any CPU = Release|Any CPU
	EndGlobalSection
	GlobalSection(ProjectConfigurationPlatforms) = postSolution
		{EDAF3D21-81D7-45F1-A7B7-46D056AB033B}.Debug|Any CPU.ActiveCfg = Debug|Any CPU
		{EDAF3D21-81D7-45F1-A7B7-46D056AB033B}.Debug|Any CPU.Build.0 = Debug|Any CPU
		{EDAF3D21-81D7-45F1-A7B7-46D056AB033B}.Release|Any CPU.ActiveCfg = Release|Any CPU
		{EDAF3D21-81D7-45F1-A7B7-46D056AB033B}.Release|Any CPU.Build.0 = Release|Any CPU
	EndGlobalSection
	GlobalSection(SolutionProperties) = preSolution
		HideSolutionNode = FALSE
	EndGlobalSection
	GlobalSection(ExtensibilityGlobals) = postSolution
		SolutionGuid = {3603323F-5D39-40B0-A9FF-F0F44BD97045}
	EndGlobalSection
EndGlobal
